
Microsoft Visual Studio Solution File, Format Version 12.00
# Visual Studio 2013
VisualStudioVersion = 12.0.30723.0
MinimumVisualStudioVersion = 10.0.40219.1
Project("{FAE04EC0-301F-11D3-BF4B-00C04F79EFBC}") = "MarcinHoppe.StringCalculator", "Src\MarcinHoppe.StringCalculator\MarcinHoppe.StringCalculator.csproj", "{08226C6C-A1A9-4802-9F0D-F2C5C6787683}"
EndProject
Project("{FAE04EC0-301F-11D3-BF4B-00C04F79EFBC}") = "MarcinHoppe.StringCalculator.Tests", "Test\MarcinHoppe.StringCalculator.Tests\MarcinHoppe.StringCalculator.Tests.csproj", "{73532F44-C989-4891-A6A2-A187A38A1E84}"
EndProject
Project("{2150E333-8FDC-42A3-9474-1A3956D46DE8}") = ".nuget", ".nuget", "{C7FB5C90-D77E-4B86-A1E4-5A05B31B4B82}"
	ProjectSection(SolutionItems) = preProject
		.nuget\NuGet.Config = .nuget\NuGet.Config
		.nuget\NuGet.exe = .nuget\NuGet.exe
		.nuget\NuGet.targets = .nuget\NuGet.targets
		.nuget\packages.config = .nuget\packages.config
	EndProjectSection
EndProject
Project("{2150E333-8FDC-42A3-9474-1A3956D46DE8}") = "Solution Items", "Solution Items", "{F6CA02EF-1F57-4FBE-9F1D-D2CCB8C2CE64}"
	ProjectSection(SolutionItems) = preProject
		LICENSE = LICENSE
		README.md = README.md
	EndProjectSection
EndProject
Global
	GlobalSection(SolutionConfigurationPlatforms) = preSolution
		Debug|Any CPU = Debug|Any CPU
		Release|Any CPU = Release|Any CPU
	EndGlobalSection
	GlobalSection(ProjectConfigurationPlatforms) = postSolution
		{08226C6C-A1A9-4802-9F0D-F2C5C6787683}.Debug|Any CPU.ActiveCfg = Debug|Any CPU
		{08226C6C-A1A9-4802-9F0D-F2C5C6787683}.Debug|Any CPU.Build.0 = Debug|Any CPU
		{08226C6C-A1A9-4802-9F0D-F2C5C6787683}.Release|Any CPU.ActiveCfg = Release|Any CPU
		{08226C6C-A1A9-4802-9F0D-F2C5C6787683}.Release|Any CPU.Build.0 = Release|Any CPU
		{73532F44-C989-4891-A6A2-A187A38A1E84}.Debug|Any CPU.ActiveCfg = Debug|Any CPU
		{73532F44-C989-4891-A6A2-A187A38A1E84}.Debug|Any CPU.Build.0 = Debug|Any CPU
		{73532F44-C989-4891-A6A2-A187A38A1E84}.Release|Any CPU.ActiveCfg = Release|Any CPU
		{73532F44-C989-4891-A6A2-A187A38A1E84}.Release|Any CPU.Build.0 = Release|Any CPU
	EndGlobalSection
	GlobalSection(SolutionProperties) = preSolution
		HideSolutionNode = FALSE
	EndGlobalSection
EndGlobal
